# THIS IS AN AUTOGENERATED FILE. DO NOT EDIT THIS FILE DIRECTLY.
# yarn lockfile v1


"@types/n3@^0.0.3":
  version "0.0.3"
  resolved "https://registry.yarnpkg.com/@types/n3/-/n3-0.0.3.tgz#4ebf90763bfe4aefa1a0c2051606b756c659416e"
  dependencies:
    "@types/node" "*"

"@types/node@*", "@types/node@^8.5.2":
  version "8.5.2"
  resolved "https://registry.yarnpkg.com/@types/node/-/node-8.5.2.tgz#83b8103fa9a2c2e83d78f701a9aa7c9539739aa5"

n3@^0.11.2:
  version "0.11.2"
  resolved "https://registry.yarnpkg.com/n3/-/n3-0.11.2.tgz#25cb2ef1b75b38cbfcc1979cf92e2bdba7f183e0"

semantic-toolkit@^0.2.1:
  version "0.2.1"
  resolved "https://registry.yarnpkg.com/semantic-toolkit/-/semantic-toolkit-0.2.1.tgz#d718c304dd6d79477782e237ec5621252cad5874"

typescript@^2.6.2:
  version "2.6.2"
  resolved "https://registry.yarnpkg.com/typescript/-/typescript-2.6.2.tgz#3c5b6fd7f6de0914269027f03c0946758f7673a4"
